
Microsoft Visual Studio Solution File, Format Version 12.00
# Visual Studio Version 17
VisualStudioVersion = 17.3.32901.215
MinimumVisualStudioVersion = 10.0.40219.1
Project("{FAE04EC0-301F-11D3-BF4B-00C04F79EFBC}") = "Exercicio_if_else_07", "Exercicio_if_else_07.csproj", "{74BB9260-91BD-48ED-9F58-F65BEF52821E}"
EndProject
Global
	GlobalSection(SolutionConfigurationPlatforms) = preSolution
		Debug|Any CPU = Debug|Any CPU
		Release|Any CPU = Release|Any CPU
	EndGlobalSection
	GlobalSection(ProjectConfigurationPlatforms) = postSolution
		{74BB9260-91BD-48ED-9F58-F65BEF52821E}.Debug|Any CPU.ActiveCfg = Debug|Any CPU
		{74BB9260-91BD-48ED-9F58-F65BEF52821E}.Debug|Any CPU.Build.0 = Debug|Any CPU
		{74BB9260-91BD-48ED-9F58-F65BEF52821E}.Release|Any CPU.ActiveCfg = Release|Any CPU
		{74BB9260-91BD-48ED-9F58-F65BEF52821E}.Release|Any CPU.Build.0 = Release|Any CPU
	EndGlobalSection
	GlobalSection(SolutionProperties) = preSolution
		HideSolutionNode = FALSE
	EndGlobalSection
	GlobalSection(ExtensibilityGlobals) = postSolution
		SolutionGuid = {0E4BCEFB-0B74-42C1-9258-2AD713D4D4F8}
	EndGlobalSection
EndGlobal
